
Microsoft Visual Studio Solution File, Format Version 12.00
# Visual Studio Version 17
VisualStudioVersion = 17.7.34018.315
MinimumVisualStudioVersion = 10.0.40219.1
Project("{FAE04EC0-301F-11D3-BF4B-00C04F79EFBC}") = "Lab1Problem3", "Lab1Problem3.csproj", "{165A34FA-B987-47CA-95DD-C410A5A1CFD6}"
EndProject
Global
	GlobalSection(SolutionConfigurationPlatforms) = preSolution
		Debug|Any CPU = Debug|Any CPU
		Release|Any CPU = Release|Any CPU
	EndGlobalSection
	GlobalSection(ProjectConfigurationPlatforms) = postSolution
		{165A34FA-B987-47CA-95DD-C410A5A1CFD6}.Debug|Any CPU.ActiveCfg = Debug|Any CPU
		{165A34FA-B987-47CA-95DD-C410A5A1CFD6}.Debug|Any CPU.Build.0 = Debug|Any CPU
		{165A34FA-B987-47CA-95DD-C410A5A1CFD6}.Release|Any CPU.ActiveCfg = Release|Any CPU
		{165A34FA-B987-47CA-95DD-C410A5A1CFD6}.Release|Any CPU.Build.0 = Release|Any CPU
	EndGlobalSection
	GlobalSection(SolutionProperties) = preSolution
		HideSolutionNode = FALSE
	EndGlobalSection
	GlobalSection(ExtensibilityGlobals) = postSolution
		SolutionGuid = {46993976-447F-4F17-AB7E-2BC5E449C95F}
	EndGlobalSection
EndGlobal
